
Microsoft Visual Studio Solution File, Format Version 12.00
# Visual Studio 14
VisualStudioVersion = 14.0.25420.1
MinimumVisualStudioVersion = 10.0.40219.1
Project("{2150E333-8FDC-42A3-9474-1A3956D46DE8}") = "AspNetMvcGiris", "AspNetMvcGiris", "{978E1B8D-5070-4C05-8BBF-142EFC2667E8}"
EndProject
Project("{FAE04EC0-301F-11D3-BF4B-00C04F79EFBC}") = "MvcGiris", "MvcGiris\MvcGiris.csproj", "{DC714D95-8F23-411E-9E67-94C5F1DB2F4E}"
EndProject
Project("{FAE04EC0-301F-11D3-BF4B-00C04F79EFBC}") = "MvcNorth", "MvcNorth\MvcNorth.csproj", "{AF2D3421-DDBF-4221-8AA7-75C64F672A90}"
EndProject
Project("{2150E333-8FDC-42A3-9474-1A3956D46DE8}") = "Solution Items", "Solution Items", "{A31DB6D8-A280-4A8A-B384-038E2AAEBB66}"
	ProjectSection(SolutionItems) = preProject
		WebEssentials2015-Settings.json = WebEssentials2015-Settings.json
	EndProjectSection
EndProject
Global
	GlobalSection(SolutionConfigurationPlatforms) = preSolution
		Debug|Any CPU = Debug|Any CPU
		Release|Any CPU = Release|Any CPU
	EndGlobalSection
	GlobalSection(ProjectConfigurationPlatforms) = postSolution
		{DC714D95-8F23-411E-9E67-94C5F1DB2F4E}.Debug|Any CPU.ActiveCfg = Debug|Any CPU
		{DC714D95-8F23-411E-9E67-94C5F1DB2F4E}.Debug|Any CPU.Build.0 = Debug|Any CPU
		{DC714D95-8F23-411E-9E67-94C5F1DB2F4E}.Release|Any CPU.ActiveCfg = Release|Any CPU
		{DC714D95-8F23-411E-9E67-94C5F1DB2F4E}.Release|Any CPU.Build.0 = Release|Any CPU
		{AF2D3421-DDBF-4221-8AA7-75C64F672A90}.Debug|Any CPU.ActiveCfg = Debug|Any CPU
		{AF2D3421-DDBF-4221-8AA7-75C64F672A90}.Debug|Any CPU.Build.0 = Debug|Any CPU
		{AF2D3421-DDBF-4221-8AA7-75C64F672A90}.Release|Any CPU.ActiveCfg = Release|Any CPU
		{AF2D3421-DDBF-4221-8AA7-75C64F672A90}.Release|Any CPU.Build.0 = Release|Any CPU
	EndGlobalSection
	GlobalSection(SolutionProperties) = preSolution
		HideSolutionNode = FALSE
	EndGlobalSection
	GlobalSection(NestedProjects) = preSolution
		{DC714D95-8F23-411E-9E67-94C5F1DB2F4E} = {978E1B8D-5070-4C05-8BBF-142EFC2667E8}
		{AF2D3421-DDBF-4221-8AA7-75C64F672A90} = {978E1B8D-5070-4C05-8BBF-142EFC2667E8}
	EndGlobalSection
EndGlobal
